
Microsoft Visual Studio Solution File, Format Version 12.00
# Visual Studio Version 17
VisualStudioVersion = 17.11.35312.102
MinimumVisualStudioVersion = 10.0.40219.1
Project("{FAE04EC0-301F-11D3-BF4B-00C04F79EFBC}") = "14_Abstracao", "14_Abstracao.csproj", "{EAE60336-0F3B-444E-82B4-BD293482F133}"
EndProject
Global
	GlobalSection(SolutionConfigurationPlatforms) = preSolution
		Debug|Any CPU = Debug|Any CPU
		Release|Any CPU = Release|Any CPU
	EndGlobalSection
	GlobalSection(ProjectConfigurationPlatforms) = postSolution
		{EAE60336-0F3B-444E-82B4-BD293482F133}.Debug|Any CPU.ActiveCfg = Debug|Any CPU
		{EAE60336-0F3B-444E-82B4-BD293482F133}.Debug|Any CPU.Build.0 = Debug|Any CPU
		{EAE60336-0F3B-444E-82B4-BD293482F133}.Release|Any CPU.ActiveCfg = Release|Any CPU
		{EAE60336-0F3B-444E-82B4-BD293482F133}.Release|Any CPU.Build.0 = Release|Any CPU
	EndGlobalSection
	GlobalSection(SolutionProperties) = preSolution
		HideSolutionNode = FALSE
	EndGlobalSection
	GlobalSection(ExtensibilityGlobals) = postSolution
		SolutionGuid = {E2B9F34D-59D7-4461-A287-AF254BC98FD6}
	EndGlobalSection
EndGlobal
